
Microsoft Visual Studio Solution File, Format Version 12.00
# Visual Studio Version 17
VisualStudioVersion = 17.7.34202.233
MinimumVisualStudioVersion = 10.0.40219.1
Project("{2150E333-8FDC-42A3-9474-1A3956D46DE8}") = "src", "src", "{9423BB13-9F78-4DFE-B43B-D23CB5BCD310}"
EndProject
Project("{FAE04EC0-301F-11D3-BF4B-00C04F79EFBC}") = "Movies.API", "src\Movies.API\Movies.API.csproj", "{844FCC55-861F-4277-8DE7-4607CDB8F60D}"
EndProject
Project("{FAE04EC0-301F-11D3-BF4B-00C04F79EFBC}") = "Movies.Application", "src\Movies.Application\Movies.Application.csproj", "{E8D9FD37-B0C2-4013-A6CA-6025646DD6E3}"
EndProject
Project("{FAE04EC0-301F-11D3-BF4B-00C04F79EFBC}") = "Movies.Contracts", "src\Movies.Contracts\Movies.Contracts.csproj", "{EC9D32EC-0784-4C9E-8E8A-FAE92C071BBA}"
EndProject
Global
	GlobalSection(SolutionConfigurationPlatforms) = preSolution
		Debug|Any CPU = Debug|Any CPU
		Release|Any CPU = Release|Any CPU
	EndGlobalSection
	GlobalSection(ProjectConfigurationPlatforms) = postSolution
		{844FCC55-861F-4277-8DE7-4607CDB8F60D}.Debug|Any CPU.ActiveCfg = Debug|Any CPU
		{844FCC55-861F-4277-8DE7-4607CDB8F60D}.Debug|Any CPU.Build.0 = Debug|Any CPU
		{844FCC55-861F-4277-8DE7-4607CDB8F60D}.Release|Any CPU.ActiveCfg = Release|Any CPU
		{844FCC55-861F-4277-8DE7-4607CDB8F60D}.Release|Any CPU.Build.0 = Release|Any CPU
		{E8D9FD37-B0C2-4013-A6CA-6025646DD6E3}.Debug|Any CPU.ActiveCfg = Debug|Any CPU
		{E8D9FD37-B0C2-4013-A6CA-6025646DD6E3}.Debug|Any CPU.Build.0 = Debug|Any CPU
		{E8D9FD37-B0C2-4013-A6CA-6025646DD6E3}.Release|Any CPU.ActiveCfg = Release|Any CPU
		{E8D9FD37-B0C2-4013-A6CA-6025646DD6E3}.Release|Any CPU.Build.0 = Release|Any CPU
		{EC9D32EC-0784-4C9E-8E8A-FAE92C071BBA}.Debug|Any CPU.ActiveCfg = Debug|Any CPU
		{EC9D32EC-0784-4C9E-8E8A-FAE92C071BBA}.Debug|Any CPU.Build.0 = Debug|Any CPU
		{EC9D32EC-0784-4C9E-8E8A-FAE92C071BBA}.Release|Any CPU.ActiveCfg = Release|Any CPU
		{EC9D32EC-0784-4C9E-8E8A-FAE92C071BBA}.Release|Any CPU.Build.0 = Release|Any CPU
	EndGlobalSection
	GlobalSection(SolutionProperties) = preSolution
		HideSolutionNode = FALSE
	EndGlobalSection
	GlobalSection(NestedProjects) = preSolution
		{844FCC55-861F-4277-8DE7-4607CDB8F60D} = {9423BB13-9F78-4DFE-B43B-D23CB5BCD310}
		{E8D9FD37-B0C2-4013-A6CA-6025646DD6E3} = {9423BB13-9F78-4DFE-B43B-D23CB5BCD310}
		{EC9D32EC-0784-4C9E-8E8A-FAE92C071BBA} = {9423BB13-9F78-4DFE-B43B-D23CB5BCD310}
	EndGlobalSection
	GlobalSection(ExtensibilityGlobals) = postSolution
		SolutionGuid = {E5E2458B-EC06-4350-88A2-1AB8B66BC653}
	EndGlobalSection
EndGlobal
